// !$*UTF8*$!
{
	archiveVersion = 1;
	classes = {
	};
	objectVersion = 46;
	objects = {

/* Begin PBXBuildFile section */
		9AD4241315F1727F0068242B /* QuartzCore.framework in Frameworks */ = {isa = PBXBuildFile; fileRef = 9AD4241215F1727F0068242B /* QuartzCore.framework */; };
		9AD4244E15F1C0EC0068242B /* ColorButton.m in Sources */ = {isa = PBXBuildFile; fileRef = 9AD4244115F1C0EC0068242B /* ColorButton.m */; };
		9AD4244F15F1C0EC0068242B /* GzColors.m in Sources */ = {isa = PBXBuildFile; fileRef = 9AD4244315F1C0EC0068242B /* GzColors.m */; };
		9AD4245015F1C0EC0068242B /* UIBarButtonItem+WEPopover.m in Sources */ = {isa = PBXBuildFile; fileRef = 9AD4244615F1C0EC0068242B /* UIBarButtonItem+WEPopover.m */; };
		9AD4245115F1C0EC0068242B /* WEPopoverContainerView.m in Sources */ = {isa = PBXBuildFile; fileRef = 9AD4244815F1C0EC0068242B /* WEPopoverContainerView.m */; };
		9AD4245215F1C0EC0068242B /* WEPopoverController.m in Sources */ = {isa = PBXBuildFile; fileRef = 9AD4244A15F1C0EC0068242B /* WEPopoverController.m */; };
		9AD4245315F1C0EC0068242B /* WETouchableView.m in Sources */ = {isa = PBXBuildFile; fileRef = 9AD4244D15F1C0EC0068242B /* WETouchableView.m */; };
		9AD4245615F1C14E0068242B /* ColorViewController.m in Sources */ = {isa = PBXBuildFile; fileRef = 9AD4245515F1C14E0068242B /* ColorViewController.m */; };
		9AD4247415F1C6150068242B /* cache2.png in Resources */ = {isa = PBXBuildFile; fileRef = 9AD4246315F1C6150068242B /* cache2.png */; };
		9AD4247515F1C6150068242B /* popoverArrowDown.png in Resources */ = {isa = PBXBuildFile; fileRef = 9AD4246415F1C6150068242B /* popoverArrowDown.png */; };
		9AD4247615F1C6150068242B /* popoverArrowDown@2x.png in Resources */ = {isa = PBXBuildFile; fileRef = 9AD4246515F1C6150068242B /* popoverArrowDown@2x.png */; };
		9AD4247715F1C6150068242B /* popoverArrowDownSimple.png in Resources */ = {isa = PBXBuildFile; fileRef = 9AD4246615F1C6150068242B /* popoverArrowDownSimple.png */; };
		9AD4247815F1C6150068242B /* popoverArrowLeft.png in Resources */ = {isa = PBXBuildFile; fileRef = 9AD4246715F1C6150068242B /* popoverArrowLeft.png */; };
		9AD4247915F1C6150068242B /* popoverArrowLeft@2x.png in Resources */ = {isa = PBXBuildFile; fileRef = 9AD4246815F1C6150068242B /* popoverArrowLeft@2x.png */; };
		9AD4247A15F1C6150068242B /* popoverArrowLeftSimple.png in Resources */ = {isa = PBXBuildFile; fileRef = 9AD4246915F1C6150068242B /* popoverArrowLeftSimple.png */; };
		9AD4247B15F1C6150068242B /* popoverArrowRight.png in Resources */ = {isa = PBXBuildFile; fileRef = 9AD4246A15F1C6150068242B /* popoverArrowRight.png */; };
		9AD4247C15F1C6150068242B /* popoverArrowRight@2x.png in Resources */ = {isa = PBXBuildFile; fileRef = 9AD4246B15F1C6150068242B /* popoverArrowRight@2x.png */; };
		9AD4247D15F1C6150068242B /* popoverArrowRightSimple.png in Resources */ = {isa = PBXBuildFile; fileRef = 9AD4246C15F1C6150068242B /* popoverArrowRightSimple.png */; };
		9AD4247E15F1C6150068242B /* popoverArrowUp.png in Resources */ = {isa = PBXBuildFile; fileRef = 9AD4246D15F1C6150068242B /* popoverArrowUp.png */; };
		9AD4247F15F1C6150068242B /* popoverArrowUp@2x.png in Resources */ = {isa = PBXBuildFile; fileRef = 9AD4246E15F1C6150068242B /* popoverArrowUp@2x.png */; };
		9AD4248015F1C6150068242B /* popoverArrowUpSimple.png in Resources */ = {isa = PBXBuildFile; fileRef = 9AD4246F15F1C6150068242B /* popoverArrowUpSimple.png */; };
		9AD4248115F1C6150068242B /* popoverBg.png in Resources */ = {isa = PBXBuildFile; fileRef = 9AD4247015F1C6150068242B /* popoverBg.png */; };
		9AD4248215F1C6150068242B /* popoverBg@2x.png in Resources */ = {isa = PBXBuildFile; fileRef = 9AD4247115F1C6150068242B /* popoverBg@2x.png */; };
		9AD4248315F1C6150068242B /* popoverBgSimple.png in Resources */ = {isa = PBXBuildFile; fileRef = 9AD4247215F1C6150068242B /* popoverBgSimple.png */; };
		9AD4248415F1C6150068242B /* README in Resources */ = {isa = PBXBuildFile; fileRef = 9AD4247315F1C6150068242B /* README */; };
		9AD5DB8215F0604E005BBAC2 /* UIKit.framework in Frameworks */ = {isa = PBXBuildFile; fileRef = 9AD5DB8115F0604E005BBAC2 /* UIKit.framework */; };
		9AD5DB8415F0604E005BBAC2 /* Foundation.framework in Frameworks */ = {isa = PBXBuildFile; fileRef = 9AD5DB8315F0604E005BBAC2 /* Foundation.framework */; };
		9AD5DB8615F0604E005BBAC2 /* CoreGraphics.framework in Frameworks */ = {isa = PBXBuildFile; fileRef = 9AD5DB8515F0604E005BBAC2 /* CoreGraphics.framework */; };
		9AD5DB8C15F0604E005BBAC2 /* InfoPlist.strings in Resources */ = {isa = PBXBuildFile; fileRef = 9AD5DB8A15F0604E005BBAC2 /* InfoPlist.strings */; };
		9AD5DB8E15F0604E005BBAC2 /* main.m in Sources */ = {isa = PBXBuildFile; fileRef = 9AD5DB8D15F0604E005BBAC2 /* main.m */; };
		9AD5DB9215F0604F005BBAC2 /* AppDelegate.m in Sources */ = {isa = PBXBuildFile; fileRef = 9AD5DB9115F0604F005BBAC2 /* AppDelegate.m */; };
		9AD5DB9515F0604F005BBAC2 /* ViewController.m in Sources */ = {isa = PBXBuildFile; fileRef = 9AD5DB9415F0604F005BBAC2 /* ViewController.m */; };
		9AD5DB9815F0604F005BBAC2 /* ViewController.xib in Resources */ = {isa = PBXBuildFile; fileRef = 9AD5DB9615F0604F005BBAC2 /* ViewController.xib */; };
/* End PBXBuildFile section */

/* Begin PBXFileReference section */
		9AD4241215F1727F0068242B /* QuartzCore.framework */ = {isa = PBXFileReference; lastKnownFileType = wrapper.framework; name = QuartzCore.framework; path = System/Library/Frameworks/QuartzCore.framework; sourceTree = SDKROOT; };
		9AD4244015F1C0EC0068242B /* ColorButton.h */ = {isa = PBXFileReference; fileEncoding = 4; lastKnownFileType = sourcecode.c.h; path = ColorButton.h; sourceTree = "<group>"; };
		9AD4244115F1C0EC0068242B /* ColorButton.m */ = {isa = PBXFileReference; fileEncoding = 4; lastKnownFileType = sourcecode.c.objc; path = ColorButton.m; sourceTree = "<group>"; };
		9AD4244215F1C0EC0068242B /* GzColors.h */ = {isa = PBXFileReference; fileEncoding = 4; lastKnownFileType = sourcecode.c.h; path = GzColors.h; sourceTree = "<group>"; };
		9AD4244315F1C0EC0068242B /* GzColors.m */ = {isa = PBXFileReference; fileEncoding = 4; lastKnownFileType = sourcecode.c.objc; path = GzColors.m; sourceTree = "<group>"; };
		9AD4244515F1C0EC0068242B /* UIBarButtonItem+WEPopover.h */ = {isa = PBXFileReference; fileEncoding = 4; lastKnownFileType = sourcecode.c.h; path = "UIBarButtonItem+WEPopover.h"; sourceTree = "<group>"; };
		9AD4244615F1C0EC0068242B /* UIBarButtonItem+WEPopover.m */ = {isa = PBXFileReference; fileEncoding = 4; lastKnownFileType = sourcecode.c.objc; path = "UIBarButtonItem+WEPopover.m"; sourceTree = "<group>"; };
		9AD4244715F1C0EC0068242B /* WEPopoverContainerView.h */ = {isa = PBXFileReference; fileEncoding = 4; lastKnownFileType = sourcecode.c.h; path = WEPopoverContainerView.h; sourceTree = "<group>"; };
		9AD4244815F1C0EC0068242B /* WEPopoverContainerView.m */ = {isa = PBXFileReference; fileEncoding = 4; lastKnownFileType = sourcecode.c.objc; path = WEPopoverContainerView.m; sourceTree = "<group>"; };
		9AD4244915F1C0EC0068242B /* WEPopoverController.h */ = {isa = PBXFileReference; fileEncoding = 4; lastKnownFileType = sourcecode.c.h; path = WEPopoverController.h; sourceTree = "<group>"; };
		9AD4244A15F1C0EC0068242B /* WEPopoverController.m */ = {isa = PBXFileReference; fileEncoding = 4; lastKnownFileType = sourcecode.c.objc; path = WEPopoverController.m; sourceTree = "<group>"; };
		9AD4244B15F1C0EC0068242B /* WEPopoverParentView.h */ = {isa = PBXFileReference; fileEncoding = 4; lastKnownFileType = sourcecode.c.h; path = WEPopoverParentView.h; sourceTree = "<group>"; };
		9AD4244C15F1C0EC0068242B /* WETouchableView.h */ = {isa = PBXFileReference; fileEncoding = 4; lastKnownFileType = sourcecode.c.h; path = WETouchableView.h; sourceTree = "<group>"; };
		9AD4244D15F1C0EC0068242B /* WETouchableView.m */ = {isa = PBXFileReference; fileEncoding = 4; lastKnownFileType = sourcecode.c.objc; path = WETouchableView.m; sourceTree = "<group>"; };
		9AD4245415F1C14E0068242B /* ColorViewController.h */ = {isa = PBXFileReference; fileEncoding = 4; lastKnownFileType = sourcecode.c.h; path = ColorViewController.h; sourceTree = "<group>"; };
		9AD4245515F1C14E0068242B /* ColorViewController.m */ = {isa = PBXFileReference; fileEncoding = 4; lastKnownFileType = sourcecode.c.objc; path = ColorViewController.m; sourceTree = "<group>"; };
		9AD4246315F1C6150068242B /* cache2.png */ = {isa = PBXFileReference; lastKnownFileType = image.png; path = cache2.png; sourceTree = "<group>"; };
		9AD4246415F1C6150068242B /* popoverArrowDown.png */ = {isa = PBXFileReference; lastKnownFileType = image.png; path = popoverArrowDown.png; sourceTree = "<group>"; };
		9AD4246515F1C6150068242B /* popoverArrowDown@2x.png */ = {isa = PBXFileReference; lastKnownFileType = image.png; path = "popoverArrowDown@2x.png"; sourceTree = "<group>"; };
		9AD4246615F1C6150068242B /* popoverArrowDownSimple.png */ = {isa = PBXFileReference; lastKnownFileType = image.png; path = popoverArrowDownSimple.png; sourceTree = "<group>"; };
		9AD4246715F1C6150068242B /* popoverArrowLeft.png */ = {isa = PBXFileReference; lastKnownFileType = image.png; path = popoverArrowLeft.png; sourceTree = "<group>"; };
		9AD4246815F1C6150068242B /* popoverArrowLeft@2x.png */ = {isa = PBXFileReference; lastKnownFileType = image.png; path = "popoverArrowLeft@2x.png"; sourceTree = "<group>"; };
		9AD4246915F1C6150068242B /* popoverArrowLeftSimple.png */ = {isa = PBXFileReference; lastKnownFileType = image.png; path = popoverArrowLeftSimple.png; sourceTree = "<group>"; };
		9AD4246A15F1C6150068242B /* popoverArrowRight.png */ = {isa = PBXFileReference; lastKnownFileType = image.png; path = popoverArrowRight.png; sourceTree = "<group>"; };
		9AD4246B15F1C6150068242B /* popoverArrowRight@2x.png */ = {isa = PBXFileReference; lastKnownFileType = image.png; path = "popoverArrowRight@2x.png"; sourceTree = "<group>"; };
		9AD4246C15F1C6150068242B /* popoverArrowRightSimple.png */ = {isa = PBXFileReference; lastKnownFileType = image.png; path = popoverArrowRightSimple.png; sourceTree = "<group>"; };
		9AD4246D15F1C6150068242B /* popoverArrowUp.png */ = {isa = PBXFileReference; lastKnownFileType = image.png; path = popoverArrowUp.png; sourceTree = "<group>"; };
		9AD4246E15F1C6150068242B /* popoverArrowUp@2x.png */ = {isa = PBXFileReference; lastKnownFileType = image.png; path = "popoverArrowUp@2x.png"; sourceTree = "<group>"; };
		9AD4246F15F1C6150068242B /* popoverArrowUpSimple.png */ = {isa = PBXFileReference; lastKnownFileType = image.png; path = popoverArrowUpSimple.png; sourceTree = "<group>"; };
		9AD4247015F1C6150068242B /* popoverBg.png */ = {isa = PBXFileReference; lastKnownFileType = image.png; path = popoverBg.png; sourceTree = "<group>"; };
		9AD4247115F1C6150068242B /* popoverBg@2x.png */ = {isa = PBXFileReference; lastKnownFileType = image.png; path = "popoverBg@2x.png"; sourceTree = "<group>"; };
		9AD4247215F1C6150068242B /* popoverBgSimple.png */ = {isa = PBXFileReference; lastKnownFileType = image.png; path = popoverBgSimple.png; sourceTree = "<group>"; };
		9AD4247315F1C6150068242B /* README */ = {isa = PBXFileReference; fileEncoding = 4; lastKnownFileType = text; path = README; sourceTree = "<group>"; };
		9AD5DB7D15F0604E005BBAC2 /* ColorPopoverDemo.app */ = {isa = PBXFileReference; explicitFileType = wrapper.application; includeInIndex = 0; path = ColorPopoverDemo.app; sourceTree = BUILT_PRODUCTS_DIR; };
		9AD5DB8115F0604E005BBAC2 /* UIKit.framework */ = {isa = PBXFileReference; lastKnownFileType = wrapper.framework; name = UIKit.framework; path = System/Library/Frameworks/UIKit.framework; sourceTree = SDKROOT; };
		9AD5DB8315F0604E005BBAC2 /* Foundation.framework */ = {isa = PBXFileReference; lastKnownFileType = wrapper.framework; name = Foundation.framework; path = System/Library/Frameworks/Foundation.framework; sourceTree = SDKROOT; };
		9AD5DB8515F0604E005BBAC2 /* CoreGraphics.framework */ = {isa = PBXFileReference; lastKnownFileType = wrapper.framework; name = CoreGraphics.framework; path = System/Library/Frameworks/CoreGraphics.framework; sourceTree = SDKROOT; };
		9AD5DB8915F0604E005BBAC2 /* ColorPopoverDemo-Info.plist */ = {isa = PBXFileReference; lastKnownFileType = text.plist.xml; path = "ColorPopoverDemo-Info.plist"; sourceTree = "<group>"; };
		9AD5DB8B15F0604E005BBAC2 /* en */ = {isa = PBXFileReference; lastKnownFileType = text.plist.strings; name = en; path = en.lproj/InfoPlist.strings; sourceTree = "<group>"; };
		9AD5DB8D15F0604E005BBAC2 /* main.m */ = {isa = PBXFileReference; lastKnownFileType = sourcecode.c.objc; path = main.m; sourceTree = "<group>"; };
		9AD5DB8F15F0604F005BBAC2 /* ColorPopoverDemo-Prefix.pch */ = {isa = PBXFileReference; lastKnownFileType = sourcecode.c.h; path = "ColorPopoverDemo-Prefix.pch"; sourceTree = "<group>"; };
		9AD5DB9015F0604F005BBAC2 /* AppDelegate.h */ = {isa = PBXFileReference; lastKnownFileType = sourcecode.c.h; path = AppDelegate.h; sourceTree = "<group>"; };
		9AD5DB9115F0604F005BBAC2 /* AppDelegate.m */ = {isa = PBXFileReference; lastKnownFileType = sourcecode.c.objc; path = AppDelegate.m; sourceTree = "<group>"; };
		9AD5DB9315F0604F005BBAC2 /* ViewController.h */ = {isa = PBXFileReference; lastKnownFileType = sourcecode.c.h; path = ViewController.h; sourceTree = "<group>"; };
		9AD5DB9415F0604F005BBAC2 /* ViewController.m */ = {isa = PBXFileReference; lastKnownFileType = sourcecode.c.objc; path = ViewController.m; sourceTree = "<group>"; };
		9AD5DB9715F0604F005BBAC2 /* en */ = {isa = PBXFileReference; lastKnownFileType = file.xib; name = en; path = en.lproj/ViewController.xib; sourceTree = "<group>"; };
/* End PBXFileReference section */

/* Begin PBXFrameworksBuildPhase section */
		9AD5DB7A15F0604E005BBAC2 /* Frameworks */ = {
			isa = PBXFrameworksBuildPhase;
			buildActionMask = 2147483647;
			files = (
				9AD4241315F1727F0068242B /* QuartzCore.framework in Frameworks */,
				9AD5DB8215F0604E005BBAC2 /* UIKit.framework in Frameworks */,
				9AD5DB8415F0604E005BBAC2 /* Foundation.framework in Frameworks */,
				9AD5DB8615F0604E005BBAC2 /* CoreGraphics.framework in Frameworks */,
			);
			runOnlyForDeploymentPostprocessing = 0;
		};
/* End PBXFrameworksBuildPhase section */

/* Begin PBXGroup section */
		9AD4243F15F1C0EC0068242B /* ColorPopover */ = {
			isa = PBXGroup;
			children = (
				9AD4246215F1C6150068242B /* popoverImages */,
				9AD4244015F1C0EC0068242B /* ColorButton.h */,
				9AD4244115F1C0EC0068242B /* ColorButton.m */,
				9AD4244215F1C0EC0068242B /* GzColors.h */,
				9AD4244315F1C0EC0068242B /* GzColors.m */,
				9AD4244415F1C0EC0068242B /* Popover */,
				9AD4245415F1C14E0068242B /* ColorViewController.h */,
				9AD4245515F1C14E0068242B /* ColorViewController.m */,
			);
			path = ColorPopover;
			sourceTree = "<group>";
		};
		9AD4244415F1C0EC0068242B /* Popover */ = {
			isa = PBXGroup;
			children = (
				9AD4244515F1C0EC0068242B /* UIBarButtonItem+WEPopover.h */,
				9AD4244615F1C0EC0068242B /* UIBarButtonItem+WEPopover.m */,
				9AD4244715F1C0EC0068242B /* WEPopoverContainerView.h */,
				9AD4244815F1C0EC0068242B /* WEPopoverContainerView.m */,
				9AD4244915F1C0EC0068242B /* WEPopoverController.h */,
				9AD4244A15F1C0EC0068242B /* WEPopoverController.m */,
				9AD4244B15F1C0EC0068242B /* WEPopoverParentView.h */,
				9AD4244C15F1C0EC0068242B /* WETouchableView.h */,
				9AD4244D15F1C0EC0068242B /* WETouchableView.m */,
			);
			path = Popover;
			sourceTree = "<group>";
		};
		9AD4246215F1C6150068242B /* popoverImages */ = {
			isa = PBXGroup;
			children = (
				9AD4246315F1C6150068242B /* cache2.png */,
				9AD4246415F1C6150068242B /* popoverArrowDown.png */,
				9AD4246515F1C6150068242B /* popoverArrowDown@2x.png */,
				9AD4246615F1C6150068242B /* popoverArrowDownSimple.png */,
				9AD4246715F1C6150068242B /* popoverArrowLeft.png */,
				9AD4246815F1C6150068242B /* popoverArrowLeft@2x.png */,
				9AD4246915F1C6150068242B /* popoverArrowLeftSimple.png */,
				9AD4246A15F1C6150068242B /* popoverArrowRight.png */,
				9AD4246B15F1C6150068242B /* popoverArrowRight@2x.png */,
				9AD4246C15F1C6150068242B /* popoverArrowRightSimple.png */,
				9AD4246D15F1C6150068242B /* popoverArrowUp.png */,
				9AD4246E15F1C6150068242B /* popoverArrowUp@2x.png */,
				9AD4246F15F1C6150068242B /* popoverArrowUpSimple.png */,
				9AD4247015F1C6150068242B /* popoverBg.png */,
				9AD4247115F1C6150068242B /* popoverBg@2x.png */,
				9AD4247215F1C6150068242B /* popoverBgSimple.png */,
				9AD4247315F1C6150068242B /* README */,
			);
			path = popoverImages;
			sourceTree = "<group>";
		};
		9AD5DB7215F0604E005BBAC2 = {
			isa = PBXGroup;
			children = (
				9AD5DB8715F0604E005BBAC2 /* ColorPopoverDemo */,
				9AD5DB8015F0604E005BBAC2 /* Frameworks */,
				9AD5DB7E15F0604E005BBAC2 /* Products */,
			);
			sourceTree = "<group>";
		};
		9AD5DB7E15F0604E005BBAC2 /* Products */ = {
			isa = PBXGroup;
			children = (
				9AD5DB7D15F0604E005BBAC2 /* ColorPopoverDemo.app */,
			);
			name = Products;
			sourceTree = "<group>";
		};
		9AD5DB8015F0604E005BBAC2 /* Frameworks */ = {
			isa = PBXGroup;
			children = (
				9AD4241215F1727F0068242B /* QuartzCore.framework */,
				9AD5DB8115F0604E005BBAC2 /* UIKit.framework */,
				9AD5DB8315F0604E005BBAC2 /* Foundation.framework */,
				9AD5DB8515F0604E005BBAC2 /* CoreGraphics.framework */,
			);
			name = Frameworks;
			sourceTree = "<group>";
		};
		9AD5DB8715F0604E005BBAC2 /* ColorPopoverDemo */ = {
			isa = PBXGroup;
			children = (
				9AD4243F15F1C0EC0068242B /* ColorPopover */,
				9AD5DB9015F0604F005BBAC2 /* AppDelegate.h */,
				9AD5DB9115F0604F005BBAC2 /* AppDelegate.m */,
				9AD5DB9315F0604F005BBAC2 /* ViewController.h */,
				9AD5DB9415F0604F005BBAC2 /* ViewController.m */,
				9AD5DB9615F0604F005BBAC2 /* ViewController.xib */,
				9AD5DB8815F0604E005BBAC2 /* Supporting Files */,
			);
			name = ColorPopoverDemo;
			path = Colors;
			sourceTree = "<group>";
		};
		9AD5DB8815F0604E005BBAC2 /* Supporting Files */ = {
			isa = PBXGroup;
			children = (
				9AD5DB8915F0604E005BBAC2 /* ColorPopoverDemo-Info.plist */,
				9AD5DB8A15F0604E005BBAC2 /* InfoPlist.strings */,
				9AD5DB8D15F0604E005BBAC2 /* main.m */,
				9AD5DB8F15F0604F005BBAC2 /* ColorPopoverDemo-Prefix.pch */,
			);
			name = "Supporting Files";
			sourceTree = "<group>";
		};
/* End PBXGroup section */

/* Begin PBXNativeTarget section */
		9AD5DB7C15F0604E005BBAC2 /* ColorPopoverDemo */ = {
			isa = PBXNativeTarget;
			buildConfigurationList = 9AD5DB9B15F0604F005BBAC2 /* Build configuration list for PBXNativeTarget "ColorPopoverDemo" */;
			buildPhases = (
				9AD5DB7915F0604E005BBAC2 /* Sources */,
				9AD5DB7A15F0604E005BBAC2 /* Frameworks */,
				9AD5DB7B15F0604E005BBAC2 /* Resources */,
			);
			buildRules = (
			);
			dependencies = (
			);
			name = ColorPopoverDemo;
			productName = Colors;
			productReference = 9AD5DB7D15F0604E005BBAC2 /* ColorPopoverDemo.app */;
			productType = "com.apple.product-type.application";
		};
/* End PBXNativeTarget section */

/* Begin PBXProject section */
		9AD5DB7415F0604E005BBAC2 /* Project object */ = {
			isa = PBXProject;
			attributes = {
				LastUpgradeCheck = 0440;
				ORGANIZATIONNAME = Gazolla;
			};
			buildConfigurationList = 9AD5DB7715F0604E005BBAC2 /* Build configuration list for PBXProject "ColorPopoverDemo" */;
			compatibilityVersion = "Xcode 3.2";
			developmentRegion = English;
			hasScannedForEncodings = 0;
			knownRegions = (
				en,
			);
			mainGroup = 9AD5DB7215F0604E005BBAC2;
			productRefGroup = 9AD5DB7E15F0604E005BBAC2 /* Products */;
			projectDirPath = "";
			projectRoot = "";
			targets = (
				9AD5DB7C15F0604E005BBAC2 /* ColorPopoverDemo */,
			);
		};
/* End PBXProject section */

/* Begin PBXResourcesBuildPhase section */
		9AD5DB7B15F0604E005BBAC2 /* Resources */ = {
			isa = PBXResourcesBuildPhase;
			buildActionMask = 2147483647;
			files = (
				9AD5DB8C15F0604E005BBAC2 /* InfoPlist.strings in Resources */,
				9AD5DB9815F0604F005BBAC2 /* ViewController.xib in Resources */,
				9AD4247415F1C6150068242B /* cache2.png in Resources */,
				9AD4247515F1C6150068242B /* popoverArrowDown.png in Resources */,
				9AD4247615F1C6150068242B /* popoverArrowDown@2x.png in Resources */,
				9AD4247715F1C6150068242B /* popoverArrowDownSimple.png in Resources */,
				9AD4247815F1C6150068242B /* popoverArrowLeft.png in Resources */,
				9AD4247915F1C6150068242B /* popoverArrowLeft@2x.png in Resources */,
				9AD4247A15F1C6150068242B /* popoverArrowLeftSimple.png in Resources */,
				9AD4247B15F1C6150068242B /* popoverArrowRight.png in Resources */,
				9AD4247C15F1C6150068242B /* popoverArrowRight@2x.png in Resources */,
				9AD4247D15F1C6150068242B /* popoverArrowRightSimple.png in Resources */,
				9AD4247E15F1C6150068242B /* popoverArrowUp.png in Resources */,
				9AD4247F15F1C6150068242B /* popoverArrowUp@2x.png in Resources */,
				9AD4248015F1C6150068242B /* popoverArrowUpSimple.png in Resources */,
				9AD4248115F1C6150068242B /* popoverBg.png in Resources */,
				9AD4248215F1C6150068242B /* popoverBg@2x.png in Resources */,
				9AD4248315F1C6150068242B /* popoverBgSimple.png in Resources */,
				9AD4248415F1C6150068242B /* README in Resources */,
			);
			runOnlyForDeploymentPostprocessing = 0;
		};
/* End PBXResourcesBuildPhase section */

/* Begin PBXSourcesBuildPhase section */
		9AD5DB7915F0604E005BBAC2 /* Sources */ = {
			isa = PBXSourcesBuildPhase;
			buildActionMask = 2147483647;
			files = (
				9AD5DB8E15F0604E005BBAC2 /* main.m in Sources */,
				9AD5DB9215F0604F005BBAC2 /* AppDelegate.m in Sources */,
				9AD5DB9515F0604F005BBAC2 /* ViewController.m in Sources */,
				9AD4244E15F1C0EC0068242B /* ColorButton.m in Sources */,
				9AD4244F15F1C0EC0068242B /* GzColors.m in Sources */,
				9AD4245015F1C0EC0068242B /* UIBarButtonItem+WEPopover.m in Sources */,
				9AD4245115F1C0EC0068242B /* WEPopoverContainerView.m in Sources */,
				9AD4245215F1C0EC0068242B /* WEPopoverController.m in Sources */,
				9AD4245315F1C0EC0068242B /* WETouchableView.m in Sources */,
				9AD4245615F1C14E0068242B /* ColorViewController.m in Sources */,
			);
			runOnlyForDeploymentPostprocessing = 0;
		};
/* End PBXSourcesBuildPhase section */

/* Begin PBXVariantGroup section */
		9AD5DB8A15F0604E005BBAC2 /* InfoPlist.strings */ = {
			isa = PBXVariantGroup;
			children = (
				9AD5DB8B15F0604E005BBAC2 /* en */,
			);
			name = InfoPlist.strings;
			sourceTree = "<group>";
		};
		9AD5DB9615F0604F005BBAC2 /* ViewController.xib */ = {
			isa = PBXVariantGroup;
			children = (
				9AD5DB9715F0604F005BBAC2 /* en */,
			);
			name = ViewController.xib;
			sourceTree = "<group>";
		};
/* End PBXVariantGroup section */

/* Begin XCBuildConfiguration section */
		9AD5DB9915F0604F005BBAC2 /* Debug */ = {
			isa = XCBuildConfiguration;
			buildSettings = {
				ALWAYS_SEARCH_USER_PATHS = NO;
				ARCHS = "$(ARCHS_STANDARD_32_BIT)";
				CLANG_CXX_LANGUAGE_STANDARD = "gnu++0x";
				CLANG_ENABLE_OBJC_ARC = YES;
				CLANG_WARN__DUPLICATE_METHOD_MATCH = YES;
				"CODE_SIGN_IDENTITY[sdk=iphoneos*]" = "iPhone Developer";
				COPY_PHASE_STRIP = NO;
				GCC_C_LANGUAGE_STANDARD = gnu99;
				GCC_DYNAMIC_NO_PIC = NO;
				GCC_OPTIMIZATION_LEVEL = 0;
				GCC_PREPROCESSOR_DEFINITIONS = (
					"DEBUG=1",
					"$(inherited)",
				);
				GCC_SYMBOLS_PRIVATE_EXTERN = NO;
				GCC_VERSION = com.apple.compilers.llvm.clang.1_0;
				GCC_WARN_ABOUT_RETURN_TYPE = YES;
				GCC_WARN_UNINITIALIZED_AUTOS = YES;
				GCC_WARN_UNUSED_VARIABLE = YES;
				IPHONEOS_DEPLOYMENT_TARGET = 5.1;
				SDKROOT = iphoneos;
			};
			name = Debug;
		};
		9AD5DB9A15F0604F005BBAC2 /* Release */ = {
			isa = XCBuildConfiguration;
			buildSettings = {
				ALWAYS_SEARCH_USER_PATHS = NO;
				ARCHS = "$(ARCHS_STANDARD_32_BIT)";
				CLANG_CXX_LANGUAGE_STANDARD = "gnu++0x";
				CLANG_ENABLE_OBJC_ARC = YES;
				CLANG_WARN__DUPLICATE_METHOD_MATCH = YES;
				"CODE_SIGN_IDENTITY[sdk=iphoneos*]" = "iPhone Developer";
				COPY_PHASE_STRIP = YES;
				GCC_C_LANGUAGE_STANDARD = gnu99;
				GCC_VERSION = com.apple.compilers.llvm.clang.1_0;
				GCC_WARN_ABOUT_RETURN_TYPE = YES;
				GCC_WARN_UNINITIALIZED_AUTOS = YES;
				GCC_WARN_UNUSED_VARIABLE = YES;
				IPHONEOS_DEPLOYMENT_TARGET = 5.1;
				OTHER_CFLAGS = "-DNS_BLOCK_ASSERTIONS=1";
				SDKROOT = iphoneos;
				VALIDATE_PRODUCT = YES;
			};
			name = Release;
		};
		9AD5DB9C15F0604F005BBAC2 /* Debug */ = {
			isa = XCBuildConfiguration;
			buildSettings = {
				GCC_PRECOMPILE_PREFIX_HEADER = YES;
				GCC_PREFIX_HEADER = "Colors/ColorPopoverDemo-Prefix.pch";
				INFOPLIST_FILE = "Colors/ColorPopoverDemo-Info.plist";
				IPHONEOS_DEPLOYMENT_TARGET = 5.1;
				PRODUCT_NAME = ColorPopoverDemo;
				TARGETED_DEVICE_FAMILY = 1;
				WRAPPER_EXTENSION = app;
			};
			name = Debug;
		};
		9AD5DB9D15F0604F005BBAC2 /* Release */ = {
			isa = XCBuildConfiguration;
			buildSettings = {
				GCC_PRECOMPILE_PREFIX_HEADER = YES;
				GCC_PREFIX_HEADER = "Colors/ColorPopoverDemo-Prefix.pch";
				INFOPLIST_FILE = "Colors/ColorPopoverDemo-Info.plist";
				IPHONEOS_DEPLOYMENT_TARGET = 5.1;
				PRODUCT_NAME = ColorPopoverDemo;
				TARGETED_DEVICE_FAMILY = 1;
				WRAPPER_EXTENSION = app;
			};
			name = Release;
		};
/* End XCBuildConfiguration section */

/* Begin XCConfigurationList section */
		9AD5DB7715F0604E005BBAC2 /* Build configuration list for PBXProject "ColorPopoverDemo" */ = {
			isa = XCConfigurationList;
			buildConfigurations = (
				9AD5DB9915F0604F005BBAC2 /* Debug */,
				9AD5DB9A15F0604F005BBAC2 /* Release */,
			);
			defaultConfigurationIsVisible = 0;
			defaultConfigurationName = Release;
		};
		9AD5DB9B15F0604F005BBAC2 /* Build configuration list for PBXNativeTarget "ColorPopoverDemo" */ = {
			isa = XCConfigurationList;
			buildConfigurations = (
				9AD5DB9C15F0604F005BBAC2 /* Debug */,
				9AD5DB9D15F0604F005BBAC2 /* Release */,
			);
			defaultConfigurationIsVisible = 0;
			defaultConfigurationName = Release;
		};
/* End XCConfigurationList section */
	};
	rootObject = 9AD5DB7415F0604E005BBAC2 /* Project object */;
}
